// !$*UTF8*$!
{
	archiveVersion = 1;
	classes = {
	};
	objectVersion = 50;
	objects = {

/* Begin PBXBuildFile section */
		14F2E48F22560F0F0053C5E8 /* AppDelegate.swift in Sources */ = {isa = PBXBuildFile; fileRef = 14F2E48E22560F0F0053C5E8 /* AppDelegate.swift */; };
		14F2E49122560F0F0053C5E8 /* ViewController.swift in Sources */ = {isa = PBXBuildFile; fileRef = 14F2E49022560F0F0053C5E8 /* ViewController.swift */; };
		14F2E49422560F0F0053C5E8 /* Main.storyboard in Resources */ = {isa = PBXBuildFile; fileRef = 14F2E49222560F0F0053C5E8 /* Main.storyboard */; };
		14F2E49622560F130053C5E8 /* Assets.xcassets in Resources */ = {isa = PBXBuildFile; fileRef = 14F2E49522560F130053C5E8 /* Assets.xcassets */; };
		14F2E49922560F130053C5E8 /* LaunchScreen.storyboard in Resources */ = {isa = PBXBuildFile; fileRef = 14F2E49722560F130053C5E8 /* LaunchScreen.storyboard */; };
		14F2E4A1225610500053C5E8 /* DataResponse.swift in Sources */ = {isa = PBXBuildFile; fileRef = 14F2E4A0225610500053C5E8 /* DataResponse.swift */; };
		14F2E4A32256182D0053C5E8 /* MainController.swift in Sources */ = {isa = PBXBuildFile; fileRef = 14F2E4A22256182D0053C5E8 /* MainController.swift */; };
		8386455DF65175AE396A533E /* Pods_TestingSocket.framework in Frameworks */ = {isa = PBXBuildFile; fileRef = 1BD0E33A95738D6E1E9DF964 /* Pods_TestingSocket.framework */; };
/* End PBXBuildFile section */

/* Begin PBXFileReference section */
		14F2E48B22560F0F0053C5E8 /* TestingSocket.app */ = {isa = PBXFileReference; explicitFileType = wrapper.application; includeInIndex = 0; path = TestingSocket.app; sourceTree = BUILT_PRODUCTS_DIR; };
		14F2E48E22560F0F0053C5E8 /* AppDelegate.swift */ = {isa = PBXFileReference; lastKnownFileType = sourcecode.swift; path = AppDelegate.swift; sourceTree = "<group>"; };
		14F2E49022560F0F0053C5E8 /* ViewController.swift */ = {isa = PBXFileReference; lastKnownFileType = sourcecode.swift; path = ViewController.swift; sourceTree = "<group>"; };
		14F2E49322560F0F0053C5E8 /* Base */ = {isa = PBXFileReference; lastKnownFileType = file.storyboard; name = Base; path = Base.lproj/Main.storyboard; sourceTree = "<group>"; };
		14F2E49522560F130053C5E8 /* Assets.xcassets */ = {isa = PBXFileReference; lastKnownFileType = folder.assetcatalog; path = Assets.xcassets; sourceTree = "<group>"; };
		14F2E49822560F130053C5E8 /* Base */ = {isa = PBXFileReference; lastKnownFileType = file.storyboard; name = Base; path = Base.lproj/LaunchScreen.storyboard; sourceTree = "<group>"; };
		14F2E49A22560F130053C5E8 /* Info.plist */ = {isa = PBXFileReference; lastKnownFileType = text.plist.xml; path = Info.plist; sourceTree = "<group>"; };
		14F2E4A0225610500053C5E8 /* DataResponse.swift */ = {isa = PBXFileReference; fileEncoding = 4; lastKnownFileType = sourcecode.swift; path = DataResponse.swift; sourceTree = "<group>"; };
		14F2E4A22256182D0053C5E8 /* MainController.swift */ = {isa = PBXFileReference; lastKnownFileType = sourcecode.swift; path = MainController.swift; sourceTree = "<group>"; };
		1BD0E33A95738D6E1E9DF964 /* Pods_TestingSocket.framework */ = {isa = PBXFileReference; explicitFileType = wrapper.framework; includeInIndex = 0; path = Pods_TestingSocket.framework; sourceTree = BUILT_PRODUCTS_DIR; };
		A8AE9E432ECA157DB7D35A6E /* Pods-TestingSocket.release.xcconfig */ = {isa = PBXFileReference; includeInIndex = 1; lastKnownFileType = text.xcconfig; name = "Pods-TestingSocket.release.xcconfig"; path = "Target Support Files/Pods-TestingSocket/Pods-TestingSocket.release.xcconfig"; sourceTree = "<group>"; };
		FAB7C884C87C10868FF9BF47 /* Pods-TestingSocket.debug.xcconfig */ = {isa = PBXFileReference; includeInIndex = 1; lastKnownFileType = text.xcconfig; name = "Pods-TestingSocket.debug.xcconfig"; path = "Target Support Files/Pods-TestingSocket/Pods-TestingSocket.debug.xcconfig"; sourceTree = "<group>"; };
/* End PBXFileReference section */

/* Begin PBXFrameworksBuildPhase section */
		14F2E48822560F0F0053C5E8 /* Frameworks */ = {
			isa = PBXFrameworksBuildPhase;
			buildActionMask = 2147483647;
			files = (
				8386455DF65175AE396A533E /* Pods_TestingSocket.framework in Frameworks */,
			);
			runOnlyForDeploymentPostprocessing = 0;
		};
/* End PBXFrameworksBuildPhase section */

/* Begin PBXGroup section */
		14F2E48222560F0F0053C5E8 = {
			isa = PBXGroup;
			children = (
				14F2E48D22560F0F0053C5E8 /* TestingSocket */,
				14F2E48C22560F0F0053C5E8 /* Products */,
				B3B81040A9E555D48C3F89FC /* Pods */,
				4787FE80EAA4960DDDF8323A /* Frameworks */,
			);
			sourceTree = "<group>";
		};
		14F2E48C22560F0F0053C5E8 /* Products */ = {
			isa = PBXGroup;
			children = (
				14F2E48B22560F0F0053C5E8 /* TestingSocket.app */,
			);
			name = Products;
			sourceTree = "<group>";
		};
		14F2E48D22560F0F0053C5E8 /* TestingSocket */ = {
			isa = PBXGroup;
			children = (
				14F2E4A0225610500053C5E8 /* DataResponse.swift */,
				14F2E48E22560F0F0053C5E8 /* AppDelegate.swift */,
				14F2E49022560F0F0053C5E8 /* ViewController.swift */,
				14F2E49222560F0F0053C5E8 /* Main.storyboard */,
				14F2E49522560F130053C5E8 /* Assets.xcassets */,
				14F2E49722560F130053C5E8 /* LaunchScreen.storyboard */,
				14F2E49A22560F130053C5E8 /* Info.plist */,
				14F2E4A22256182D0053C5E8 /* MainController.swift */,
			);
			path = TestingSocket;
			sourceTree = "<group>";
		};
		4787FE80EAA4960DDDF8323A /* Frameworks */ = {
			isa = PBXGroup;
			children = (
				1BD0E33A95738D6E1E9DF964 /* Pods_TestingSocket.framework */,
			);
			name = Frameworks;
			sourceTree = "<group>";
		};
		B3B81040A9E555D48C3F89FC /* Pods */ = {
			isa = PBXGroup;
			children = (
				FAB7C884C87C10868FF9BF47 /* Pods-TestingSocket.debug.xcconfig */,
				A8AE9E432ECA157DB7D35A6E /* Pods-TestingSocket.release.xcconfig */,
			);
			path = Pods;
			sourceTree = "<group>";
		};
/* End PBXGroup section */

/* Begin PBXNativeTarget section */
		14F2E48A22560F0F0053C5E8 /* TestingSocket */ = {
			isa = PBXNativeTarget;
			buildConfigurationList = 14F2E49D22560F130053C5E8 /* Build configuration list for PBXNativeTarget "TestingSocket" */;
			buildPhases = (
				018F8FFE1F092A8012F4254B /* [CP] Check Pods Manifest.lock */,
				14F2E48722560F0F0053C5E8 /* Sources */,
				14F2E48822560F0F0053C5E8 /* Frameworks */,
				14F2E48922560F0F0053C5E8 /* Resources */,
				B3A7C1097026843B1A22A5C8 /* [CP] Embed Pods Frameworks */,
			);
			buildRules = (
			);
			dependencies = (
			);
			name = TestingSocket;
			productName = TestingSocket;
			productReference = 14F2E48B22560F0F0053C5E8 /* TestingSocket.app */;
			productType = "com.apple.product-type.application";
		};
/* End PBXNativeTarget section */

/* Begin PBXProject section */
		14F2E48322560F0F0053C5E8 /* Project object */ = {
			isa = PBXProject;
			attributes = {
				LastSwiftUpdateCheck = 1020;
				LastUpgradeCheck = 1020;
				ORGANIZATIONNAME = "Maas Rahman";
				TargetAttributes = {
					14F2E48A22560F0F0053C5E8 = {
						CreatedOnToolsVersion = 10.2;
					};
				};
			};
			buildConfigurationList = 14F2E48622560F0F0053C5E8 /* Build configuration list for PBXProject "TestingSocket" */;
			compatibilityVersion = "Xcode 9.3";
			developmentRegion = en;
			hasScannedForEncodings = 0;
			knownRegions = (
				en,
				Base,
			);
			mainGroup = 14F2E48222560F0F0053C5E8;
			productRefGroup = 14F2E48C22560F0F0053C5E8 /* Products */;
			projectDirPath = "";
			projectRoot = "";
			targets = (
				14F2E48A22560F0F0053C5E8 /* TestingSocket */,
			);
		};
/* End PBXProject section */

/* Begin PBXResourcesBuildPhase section */
		14F2E48922560F0F0053C5E8 /* Resources */ = {
			isa = PBXResourcesBuildPhase;
			buildActionMask = 2147483647;
			files = (
				14F2E49922560F130053C5E8 /* LaunchScreen.storyboard in Resources */,
				14F2E49622560F130053C5E8 /* Assets.xcassets in Resources */,
				14F2E49422560F0F0053C5E8 /* Main.storyboard in Resources */,
			);
			runOnlyForDeploymentPostprocessing = 0;
		};
/* End PBXResourcesBuildPhase section */

/* Begin PBXShellScriptBuildPhase section */
		018F8FFE1F092A8012F4254B /* [CP] Check Pods Manifest.lock */ = {
			isa = PBXShellScriptBuildPhase;
			buildActionMask = 2147483647;
			files = (
			);
			inputFileListPaths = (
			);
			inputPaths = (
				"${PODS_PODFILE_DIR_PATH}/Podfile.lock",
				"${PODS_ROOT}/Manifest.lock",
			);
			name = "[CP] Check Pods Manifest.lock";
			outputFileListPaths = (
			);
			outputPaths = (
				"$(DERIVED_FILE_DIR)/Pods-TestingSocket-checkManifestLockResult.txt",
			);
			runOnlyForDeploymentPostprocessing = 0;
			shellPath = /bin/sh;
			shellScript = "diff \"${PODS_PODFILE_DIR_PATH}/Podfile.lock\" \"${PODS_ROOT}/Manifest.lock\" > /dev/null\nif [ $? != 0 ] ; then\n    # print error to STDERR\n    echo \"error: The sandbox is not in sync with the Podfile.lock. Run 'pod install' or update your CocoaPods installation.\" >&2\n    exit 1\nfi\n# This output is used by Xcode 'outputs' to avoid re-running this script phase.\necho \"SUCCESS\" > \"${SCRIPT_OUTPUT_FILE_0}\"\n";
			showEnvVarsInLog = 0;
		};
		B3A7C1097026843B1A22A5C8 /* [CP] Embed Pods Frameworks */ = {
			isa = PBXShellScriptBuildPhase;
			buildActionMask = 2147483647;
			files = (
			);
			inputFileListPaths = (
			);
			inputPaths = (
				"${PODS_ROOT}/Target Support Files/Pods-TestingSocket/Pods-TestingSocket-frameworks.sh",
				"${BUILT_PRODUCTS_DIR}/Alamofire/Alamofire.framework",
				"${BUILT_PRODUCTS_DIR}/Socket.IO-Client-Swift/SocketIO.framework",
				"${BUILT_PRODUCTS_DIR}/Starscream/Starscream.framework",
				"${BUILT_PRODUCTS_DIR}/SwiftyJSON/SwiftyJSON.framework",
			);
			name = "[CP] Embed Pods Frameworks";
			outputFileListPaths = (
			);
			outputPaths = (
				"${TARGET_BUILD_DIR}/${FRAMEWORKS_FOLDER_PATH}/Alamofire.framework",
				"${TARGET_BUILD_DIR}/${FRAMEWORKS_FOLDER_PATH}/SocketIO.framework",
				"${TARGET_BUILD_DIR}/${FRAMEWORKS_FOLDER_PATH}/Starscream.framework",
				"${TARGET_BUILD_DIR}/${FRAMEWORKS_FOLDER_PATH}/SwiftyJSON.framework",
			);
			runOnlyForDeploymentPostprocessing = 0;
			shellPath = /bin/sh;
			shellScript = "\"${PODS_ROOT}/Target Support Files/Pods-TestingSocket/Pods-TestingSocket-frameworks.sh\"\n";
			showEnvVarsInLog = 0;
		};
/* End PBXShellScriptBuildPhase section */

/* Begin PBXSourcesBuildPhase section */
		14F2E48722560F0F0053C5E8 /* Sources */ = {
			isa = PBXSourcesBuildPhase;
			buildActionMask = 2147483647;
			files = (
				14F2E4A32256182D0053C5E8 /* MainController.swift in Sources */,
				14F2E49122560F0F0053C5E8 /* ViewController.swift in Sources */,
				14F2E4A1225610500053C5E8 /* DataResponse.swift in Sources */,
				14F2E48F22560F0F0053C5E8 /* AppDelegate.swift in Sources */,
			);
			runOnlyForDeploymentPostprocessing = 0;
		};
/* End PBXSourcesBuildPhase section */

/* Begin PBXVariantGroup section */
		14F2E49222560F0F0053C5E8 /* Main.storyboard */ = {
			isa = PBXVariantGroup;
			children = (
				14F2E49322560F0F0053C5E8 /* Base */,
			);
			name = Main.storyboard;
			sourceTree = "<group>";
		};
		14F2E49722560F130053C5E8 /* LaunchScreen.storyboard */ = {
			isa = PBXVariantGroup;
			children = (
				14F2E49822560F130053C5E8 /* Base */,
			);
			name = LaunchScreen.storyboard;
			sourceTree = "<group>";
		};
/* End PBXVariantGroup section */

/* Begin XCBuildConfiguration section */
		14F2E49B22560F130053C5E8 /* Debug */ = {
			isa = XCBuildConfiguration;
			buildSettings = {
				ALWAYS_SEARCH_USER_PATHS = NO;
				CLANG_ANALYZER_NONNULL = YES;
				CLANG_ANALYZER_NUMBER_OBJECT_CONVERSION = YES_AGGRESSIVE;
				CLANG_CXX_LANGUAGE_STANDARD = "gnu++14";
				CLANG_CXX_LIBRARY = "libc++";
				CLANG_ENABLE_MODULES = YES;
				CLANG_ENABLE_OBJC_ARC = YES;
				CLANG_ENABLE_OBJC_WEAK = YES;
				CLANG_WARN_BLOCK_CAPTURE_AUTORELEASING = YES;
				CLANG_WARN_BOOL_CONVERSION = YES;
				CLANG_WARN_COMMA = YES;
				CLANG_WARN_CONSTANT_CONVERSION = YES;
				CLANG_WARN_DEPRECATED_OBJC_IMPLEMENTATIONS = YES;
				CLANG_WARN_DIRECT_OBJC_ISA_USAGE = YES_ERROR;
				CLANG_WARN_DOCUMENTATION_COMMENTS = YES;
				CLANG_WARN_EMPTY_BODY = YES;
				CLANG_WARN_ENUM_CONVERSION = YES;
				CLANG_WARN_INFINITE_RECURSION = YES;
				CLANG_WARN_INT_CONVERSION = YES;
				CLANG_WARN_NON_LITERAL_NULL_CONVERSION = YES;
				CLANG_WARN_OBJC_IMPLICIT_RETAIN_SELF = YES;
				CLANG_WARN_OBJC_LITERAL_CONVERSION = YES;
				CLANG_WARN_OBJC_ROOT_CLASS = YES_ERROR;
				CLANG_WARN_RANGE_LOOP_ANALYSIS = YES;
				CLANG_WARN_STRICT_PROTOTYPES = YES;
				CLANG_WARN_SUSPICIOUS_MOVE = YES;
				CLANG_WARN_UNGUARDED_AVAILABILITY = YES_AGGRESSIVE;
				CLANG_WARN_UNREACHABLE_CODE = YES;
				CLANG_WARN__DUPLICATE_METHOD_MATCH = YES;
				CODE_SIGN_IDENTITY = "iPhone Developer";
				COPY_PHASE_STRIP = NO;
				DEBUG_INFORMATION_FORMAT = dwarf;
				ENABLE_STRICT_OBJC_MSGSEND = YES;
				ENABLE_TESTABILITY = YES;
				GCC_C_LANGUAGE_STANDARD = gnu11;
				GCC_DYNAMIC_NO_PIC = NO;
				GCC_NO_COMMON_BLOCKS = YES;
				GCC_OPTIMIZATION_LEVEL = 0;
				GCC_PREPROCESSOR_DEFINITIONS = (
					"DEBUG=1",
					"$(inherited)",
				);
				GCC_WARN_64_TO_32_BIT_CONVERSION = YES;
				GCC_WARN_ABOUT_RETURN_TYPE = YES_ERROR;
				GCC_WARN_UNDECLARED_SELECTOR = YES;
				GCC_WARN_UNINITIALIZED_AUTOS = YES_AGGRESSIVE;
				GCC_WARN_UNUSED_FUNCTION = YES;
				GCC_WARN_UNUSED_VARIABLE = YES;
				IPHONEOS_DEPLOYMENT_TARGET = 12.2;
				MTL_ENABLE_DEBUG_INFO = INCLUDE_SOURCE;
				MTL_FAST_MATH = YES;
				ONLY_ACTIVE_ARCH = YES;
				SDKROOT = iphoneos;
				SWIFT_ACTIVE_COMPILATION_CONDITIONS = DEBUG;
				SWIFT_OPTIMIZATION_LEVEL = "-Onone";
			};
			name = Debug;
		};
		14F2E49C22560F130053C5E8 /* Release */ = {
			isa = XCBuildConfiguration;
			buildSettings = {
				ALWAYS_SEARCH_USER_PATHS = NO;
				CLANG_ANALYZER_NONNULL = YES;
				CLANG_ANALYZER_NUMBER_OBJECT_CONVERSION = YES_AGGRESSIVE;
				CLANG_CXX_LANGUAGE_STANDARD = "gnu++14";
				CLANG_CXX_LIBRARY = "libc++";
				CLANG_ENABLE_MODULES = YES;
				CLANG_ENABLE_OBJC_ARC = YES;
				CLANG_ENABLE_OBJC_WEAK = YES;
				CLANG_WARN_BLOCK_CAPTURE_AUTORELEASING = YES;
				CLANG_WARN_BOOL_CONVERSION = YES;
				CLANG_WARN_COMMA = YES;
				CLANG_WARN_CONSTANT_CONVERSION = YES;
				CLANG_WARN_DEPRECATED_OBJC_IMPLEMENTATIONS = YES;
				CLANG_WARN_DIRECT_OBJC_ISA_USAGE = YES_ERROR;
				CLANG_WARN_DOCUMENTATION_COMMENTS = YES;
				CLANG_WARN_EMPTY_BODY = YES;
				CLANG_WARN_ENUM_CONVERSION = YES;
				CLANG_WARN_INFINITE_RECURSION = YES;
				CLANG_WARN_INT_CONVERSION = YES;
				CLANG_WARN_NON_LITERAL_NULL_CONVERSION = YES;
				CLANG_WARN_OBJC_IMPLICIT_RETAIN_SELF = YES;
				CLANG_WARN_OBJC_LITERAL_CONVERSION = YES;
				CLANG_WARN_OBJC_ROOT_CLASS = YES_ERROR;
				CLANG_WARN_RANGE_LOOP_ANALYSIS = YES;
				CLANG_WARN_STRICT_PROTOTYPES = YES;
				CLANG_WARN_SUSPICIOUS_MOVE = YES;
				CLANG_WARN_UNGUARDED_AVAILABILITY = YES_AGGRESSIVE;
				CLANG_WARN_UNREACHABLE_CODE = YES;
				CLANG_WARN__DUPLICATE_METHOD_MATCH = YES;
				CODE_SIGN_IDENTITY = "iPhone Developer";
				COPY_PHASE_STRIP = NO;
				DEBUG_INFORMATION_FORMAT = "dwarf-with-dsym";
				ENABLE_NS_ASSERTIONS = NO;
				ENABLE_STRICT_OBJC_MSGSEND = YES;
				GCC_C_LANGUAGE_STANDARD = gnu11;
				GCC_NO_COMMON_BLOCKS = YES;
				GCC_WARN_64_TO_32_BIT_CONVERSION = YES;
				GCC_WARN_ABOUT_RETURN_TYPE = YES_ERROR;
				GCC_WARN_UNDECLARED_SELECTOR = YES;
				GCC_WARN_UNINITIALIZED_AUTOS = YES_AGGRESSIVE;
				GCC_WARN_UNUSED_FUNCTION = YES;
				GCC_WARN_UNUSED_VARIABLE = YES;
				IPHONEOS_DEPLOYMENT_TARGET = 12.2;
				MTL_ENABLE_DEBUG_INFO = NO;
				MTL_FAST_MATH = YES;
				SDKROOT = iphoneos;
				SWIFT_COMPILATION_MODE = wholemodule;
				SWIFT_OPTIMIZATION_LEVEL = "-O";
				VALIDATE_PRODUCT = YES;
			};
			name = Release;
		};
		14F2E49E22560F130053C5E8 /* Debug */ = {
			isa = XCBuildConfiguration;
			baseConfigurationReference = FAB7C884C87C10868FF9BF47 /* Pods-TestingSocket.debug.xcconfig */;
			buildSettings = {
				ASSETCATALOG_COMPILER_APPICON_NAME = AppIcon;
				CODE_SIGN_STYLE = Automatic;
				DEVELOPMENT_TEAM = QGDHAB42PX;
				INFOPLIST_FILE = TestingSocket/Info.plist;
				IPHONEOS_DEPLOYMENT_TARGET = 11.0;
				LD_RUNPATH_SEARCH_PATHS = (
					"$(inherited)",
					"@executable_path/Frameworks",
				);
				PRODUCT_BUNDLE_IDENTIFIER = maasrahman.TestingSocket;
				PRODUCT_NAME = "$(TARGET_NAME)";
				SWIFT_VERSION = 5.0;
				TARGETED_DEVICE_FAMILY = "1,2";
			};
			name = Debug;
		};
		14F2E49F22560F130053C5E8 /* Release */ = {
			isa = XCBuildConfiguration;
			baseConfigurationReference = A8AE9E432ECA157DB7D35A6E /* Pods-TestingSocket.release.xcconfig */;
			buildSettings = {
				ASSETCATALOG_COMPILER_APPICON_NAME = AppIcon;
				CODE_SIGN_STYLE = Automatic;
				DEVELOPMENT_TEAM = QGDHAB42PX;
				INFOPLIST_FILE = TestingSocket/Info.plist;
				IPHONEOS_DEPLOYMENT_TARGET = 11.0;
				LD_RUNPATH_SEARCH_PATHS = (
					"$(inherited)",
					"@executable_path/Frameworks",
				);
				PRODUCT_BUNDLE_IDENTIFIER = maasrahman.TestingSocket;
				PRODUCT_NAME = "$(TARGET_NAME)";
				SWIFT_VERSION = 5.0;
				TARGETED_DEVICE_FAMILY = "1,2";
			};
			name = Release;
		};
/* End XCBuildConfiguration section */

/* Begin XCConfigurationList section */
		14F2E48622560F0F0053C5E8 /* Build configuration list for PBXProject "TestingSocket" */ = {
			isa = XCConfigurationList;
			buildConfigurations = (
				14F2E49B22560F130053C5E8 /* Debug */,
				14F2E49C22560F130053C5E8 /* Release */,
			);
			defaultConfigurationIsVisible = 0;
			defaultConfigurationName = Release;
		};
		14F2E49D22560F130053C5E8 /* Build configuration list for PBXNativeTarget "TestingSocket" */ = {
			isa = XCConfigurationList;
			buildConfigurations = (
				14F2E49E22560F130053C5E8 /* Debug */,
				14F2E49F22560F130053C5E8 /* Release */,
			);
			defaultConfigurationIsVisible = 0;
			defaultConfigurationName = Release;
		};
/* End XCConfigurationList section */
	};
	rootObject = 14F2E48322560F0F0053C5E8 /* Project object */;
}
